<?xml version="1.0" encoding="UTF-8" standalone="yes" ?>
<CodeBlocks_project_file>
	<FileVersion major="1" minor="6" />
	<Project>
		<Option title="tilesettool" />
		<Option makefile_is_custom="1" />
		<Option pch_mode="2" />
		<Option compiler="gcc" />
		<Option virtualFolders="Models/;Views/;" />
		<Build>
			<Target title="debug">
				<Option output="bin/tilesettool" prefix_auto="1" extension_auto="1" />
				<Option object_output="obj/Debug/" />
				<Option type="1" />
				<Option compiler="gcc" />
				<Compiler>
					<Add option="-g" />
				</Compiler>
			</Target>
			<Target title="release">
				<Option output="bin/tilesettool" prefix_auto="1" extension_auto="1" />
				<Option object_output="obj/Release/" />
				<Option type="1" />
				<Option compiler="gcc" />
				<Compiler>
					<Add option="-O2" />
				</Compiler>
				<Linker>
					<Add option="-s" />
				</Linker>
			</Target>
		</Build>
		<Compiler>
			<Add option="-Wall" />
		</Compiler>
		<Unit filename="AnimationEditor.cpp">
			<Option virtualFolder="Views/" />
		</Unit>
		<Unit filename="AnimationEditor.hpp">
			<Option virtualFolder="Views/" />
		</Unit>
		<Unit filename="AnimationPreview.cpp">
			<Option virtualFolder="Views/" />
		</Unit>
		<Unit filename="AnimationPreview.hpp">
			<Option virtualFolder="Views/" />
		</Unit>
		<Unit filename="FourWay.hpp" />
		<Unit filename="FramePickerDialog.cpp">
			<Option virtualFolder="Views/" />
		</Unit>
		<Unit filename="FramePickerDialog.hpp">
			<Option virtualFolder="Views/" />
		</Unit>
		<Unit filename="MainWindow.cpp" />
		<Unit filename="MainWindow.hpp" />
		<Unit filename="PaletteEditor.cpp">
			<Option virtualFolder="Views/" />
		</Unit>
		<Unit filename="PaletteEditor.hpp">
			<Option virtualFolder="Views/" />
		</Unit>
		<Unit filename="PreferencesDialog.cpp" />
		<Unit filename="PreferencesDialog.hpp" />
		<Unit filename="RowToListProxyModel.cpp" />
		<Unit filename="RowToListProxyModel.hpp" />
		<Unit filename="SlopeEditor.cpp">
			<Option virtualFolder="Views/" />
		</Unit>
		<Unit filename="SlopeEditor.hpp">
			<Option virtualFolder="Views/" />
		</Unit>
		<Unit filename="TileAnimModel.cpp">
			<Option virtualFolder="Models/" />
		</Unit>
		<Unit filename="TileAnimModel.hpp">
			<Option virtualFolder="Models/" />
		</Unit>
		<Unit filename="TileEditor.cpp">
			<Option virtualFolder="Views/" />
		</Unit>
		<Unit filename="TileEditor.hpp">
			<Option virtualFolder="Views/" />
		</Unit>
		<Unit filename="TileGfxModel.cpp">
			<Option virtualFolder="Models/" />
		</Unit>
		<Unit filename="TileGfxModel.hpp">
			<Option virtualFolder="Models/" />
		</Unit>
		<Unit filename="TileInfo.h">
			<Option virtualFolder="Models/" />
		</Unit>
		<Unit filename="TileInfoModel.cpp">
			<Option virtualFolder="Models/" />
		</Unit>
		<Unit filename="TileInfoModel.hpp">
			<Option virtualFolder="Models/" />
		</Unit>
		<Unit filename="TileMapDelegate.cpp">
			<Option virtualFolder="Views/" />
		</Unit>
		<Unit filename="TileMapDelegate.hpp">
			<Option virtualFolder="Views/" />
		</Unit>
		<Unit filename="TileModel.cpp">
			<Option virtualFolder="Models/" />
		</Unit>
		<Unit filename="TileModel.hpp">
			<Option virtualFolder="Models/" />
		</Unit>
		<Unit filename="TilePaletteModel.cpp">
			<Option virtualFolder="Models/" />
		</Unit>
		<Unit filename="TilePaletteModel.hpp">
			<Option virtualFolder="Models/" />
		</Unit>
		<Unit filename="TileSetView.cpp">
			<Option virtualFolder="Views/" />
		</Unit>
		<Unit filename="TileSetView.hpp">
			<Option virtualFolder="Views/" />
		</Unit>
		<Unit filename="TileSheetDelegate.cpp">
			<Option virtualFolder="Views/" />
		</Unit>
		<Unit filename="TileSheetDelegate.hpp">
			<Option virtualFolder="Views/" />
		</Unit>
		<Unit filename="V2TileInfo.cpp" />
		<Unit filename="V2TileInfo.hpp" />
		<Unit filename="docs/index.html" />
		<Unit filename="images/about.png" />
		<Unit filename="images/convert-palette.png" />
		<Unit filename="images/end.png" />
		<Unit filename="images/exit.png" />
		<Unit filename="images/export-image.png" />
		<Unit filename="images/export-palette.png" />
		<Unit filename="images/grid.png" />
		<Unit filename="images/help.png" />
		<Unit filename="images/icon.svg" />
		<Unit filename="images/import-image.png" />
		<Unit filename="images/import-info.png" />
		<Unit filename="images/import-palette.png" />
		<Unit filename="images/map-tiles.png" />
		<Unit filename="images/new.png" />
		<Unit filename="images/next.png" />
		<Unit filename="images/open.png" />
		<Unit filename="images/paint.png" />
		<Unit filename="images/pause.png" />
		<Unit filename="images/play.png" />
		<Unit filename="images/preferences.png" />
		<Unit filename="images/previous.png" />
		<Unit filename="images/properties.png" />
		<Unit filename="images/save-as.png" />
		<Unit filename="images/save.png" />
		<Unit filename="images/start.png" />
		<Unit filename="main.cpp" />
		<Unit filename="tilesettool.pro" />
		<Unit filename="tilesettool.qrc" />
		<Extensions>
			<code_completion />
			<debugger />
		</Extensions>
	</Project>
</CodeBlocks_project_file>
